
Microsoft Visual Studio Solution File, Format Version 12.00
# Visual Studio Version 17
VisualStudioVersion = 17.7.34018.315
MinimumVisualStudioVersion = 10.0.40219.1
Project("{FAE04EC0-301F-11D3-BF4B-00C04F79EFBC}") = "Kap 4 Uppgift 4.10", "Kap 4 Uppgift 4.10\Kap 4 Uppgift 4.10.csproj", "{71E74809-FC01-45EF-8B6C-3B46C0697770}"
EndProject
Global
	GlobalSection(SolutionConfigurationPlatforms) = preSolution
		Debug|Any CPU = Debug|Any CPU
		Release|Any CPU = Release|Any CPU
	EndGlobalSection
	GlobalSection(ProjectConfigurationPlatforms) = postSolution
		{71E74809-FC01-45EF-8B6C-3B46C0697770}.Debug|Any CPU.ActiveCfg = Debug|Any CPU
		{71E74809-FC01-45EF-8B6C-3B46C0697770}.Debug|Any CPU.Build.0 = Debug|Any CPU
		{71E74809-FC01-45EF-8B6C-3B46C0697770}.Release|Any CPU.ActiveCfg = Release|Any CPU
		{71E74809-FC01-45EF-8B6C-3B46C0697770}.Release|Any CPU.Build.0 = Release|Any CPU
	EndGlobalSection
	GlobalSection(SolutionProperties) = preSolution
		HideSolutionNode = FALSE
	EndGlobalSection
	GlobalSection(ExtensibilityGlobals) = postSolution
		SolutionGuid = {5307751E-AF27-42DC-BDDA-75A0BF81A9BF}
	EndGlobalSection
EndGlobal
